
Microsoft Visual Studio Solution File, Format Version 12.00
# Visual Studio Version 17
VisualStudioVersion = 17.1.32210.238
MinimumVisualStudioVersion = 10.0.40219.1
Project("{FAE04EC0-301F-11D3-BF4B-00C04F79EFBC}") = "ARAppBackend", "ARAppBackend.csproj", "{8C9E2A44-096E-4751-BAEF-0DF419A101F2}"
EndProject
Project("{FAE04EC0-301F-11D3-BF4B-00C04F79EFBC}") = "Domain", "..\Domain\Domain.csproj", "{407E1113-A506-4C96-9F58-9A9A89D53DA6}"
EndProject
Project("{FAE04EC0-301F-11D3-BF4B-00C04F79EFBC}") = "Infrastructure", "..\Infrastructure\Infrastructure.csproj", "{1FB6802A-0905-4906-B961-C2FE01D70CBE}"
EndProject
Global
	GlobalSection(SolutionConfigurationPlatforms) = preSolution
		Debug|Any CPU = Debug|Any CPU
		Release|Any CPU = Release|Any CPU
	EndGlobalSection
	GlobalSection(ProjectConfigurationPlatforms) = postSolution
		{8C9E2A44-096E-4751-BAEF-0DF419A101F2}.Debug|Any CPU.ActiveCfg = Debug|Any CPU
		{8C9E2A44-096E-4751-BAEF-0DF419A101F2}.Debug|Any CPU.Build.0 = Debug|Any CPU
		{8C9E2A44-096E-4751-BAEF-0DF419A101F2}.Release|Any CPU.ActiveCfg = Release|Any CPU
		{8C9E2A44-096E-4751-BAEF-0DF419A101F2}.Release|Any CPU.Build.0 = Release|Any CPU
		{407E1113-A506-4C96-9F58-9A9A89D53DA6}.Debug|Any CPU.ActiveCfg = Debug|Any CPU
		{407E1113-A506-4C96-9F58-9A9A89D53DA6}.Debug|Any CPU.Build.0 = Debug|Any CPU
		{407E1113-A506-4C96-9F58-9A9A89D53DA6}.Release|Any CPU.ActiveCfg = Release|Any CPU
		{407E1113-A506-4C96-9F58-9A9A89D53DA6}.Release|Any CPU.Build.0 = Release|Any CPU
		{1FB6802A-0905-4906-B961-C2FE01D70CBE}.Debug|Any CPU.ActiveCfg = Debug|Any CPU
		{1FB6802A-0905-4906-B961-C2FE01D70CBE}.Debug|Any CPU.Build.0 = Debug|Any CPU
		{1FB6802A-0905-4906-B961-C2FE01D70CBE}.Release|Any CPU.ActiveCfg = Release|Any CPU
		{1FB6802A-0905-4906-B961-C2FE01D70CBE}.Release|Any CPU.Build.0 = Release|Any CPU
	EndGlobalSection
	GlobalSection(SolutionProperties) = preSolution
		HideSolutionNode = FALSE
	EndGlobalSection
	GlobalSection(ExtensibilityGlobals) = postSolution
		SolutionGuid = {96838533-0A2A-430E-9DF4-ACAF1C89456F}
	EndGlobalSection
EndGlobal
